
Microsoft Visual Studio Solution File, Format Version 12.00
# Visual Studio Version 17
VisualStudioVersion = 17.7.34031.279
MinimumVisualStudioVersion = 10.0.40219.1
Project("{FAE04EC0-301F-11D3-BF4B-00C04F79EFBC}") = "WebApiFirst", "WebApiFirst\WebApiFirst.csproj", "{B714D049-54E7-498E-83BB-31A7E23A61A7}"
EndProject
Project("{FAE04EC0-301F-11D3-BF4B-00C04F79EFBC}") = "WebApiFirst.Data", "WebApiFirst.Data\WebApiFirst.Data.csproj", "{6DAD741C-B672-4D61-A8F2-995F6C8138B7}"
EndProject
Project("{FAE04EC0-301F-11D3-BF4B-00C04F79EFBC}") = "WebApiFirst.Service", "WebApiFirst.Service\WebApiFirst.Service.csproj", "{DDA47D15-E3C2-497C-B0A5-882D4A090162}"
EndProject
Global
	GlobalSection(SolutionConfigurationPlatforms) = preSolution
		Debug|Any CPU = Debug|Any CPU
		Release|Any CPU = Release|Any CPU
	EndGlobalSection
	GlobalSection(ProjectConfigurationPlatforms) = postSolution
		{B714D049-54E7-498E-83BB-31A7E23A61A7}.Debug|Any CPU.ActiveCfg = Debug|Any CPU
		{B714D049-54E7-498E-83BB-31A7E23A61A7}.Debug|Any CPU.Build.0 = Debug|Any CPU
		{B714D049-54E7-498E-83BB-31A7E23A61A7}.Release|Any CPU.ActiveCfg = Release|Any CPU
		{B714D049-54E7-498E-83BB-31A7E23A61A7}.Release|Any CPU.Build.0 = Release|Any CPU
		{6DAD741C-B672-4D61-A8F2-995F6C8138B7}.Debug|Any CPU.ActiveCfg = Debug|Any CPU
		{6DAD741C-B672-4D61-A8F2-995F6C8138B7}.Debug|Any CPU.Build.0 = Debug|Any CPU
		{6DAD741C-B672-4D61-A8F2-995F6C8138B7}.Release|Any CPU.ActiveCfg = Release|Any CPU
		{6DAD741C-B672-4D61-A8F2-995F6C8138B7}.Release|Any CPU.Build.0 = Release|Any CPU
		{DDA47D15-E3C2-497C-B0A5-882D4A090162}.Debug|Any CPU.ActiveCfg = Debug|Any CPU
		{DDA47D15-E3C2-497C-B0A5-882D4A090162}.Debug|Any CPU.Build.0 = Debug|Any CPU
		{DDA47D15-E3C2-497C-B0A5-882D4A090162}.Release|Any CPU.ActiveCfg = Release|Any CPU
		{DDA47D15-E3C2-497C-B0A5-882D4A090162}.Release|Any CPU.Build.0 = Release|Any CPU
	EndGlobalSection
	GlobalSection(SolutionProperties) = preSolution
		HideSolutionNode = FALSE
	EndGlobalSection
	GlobalSection(ExtensibilityGlobals) = postSolution
		SolutionGuid = {00884FB4-E22E-47CB-BBED-4EB36EDE3035}
	EndGlobalSection
EndGlobal
